{
    "hash": "c2727b5e1bcb96db190724685281a3c5",
    "packages": [
        {
            "package": "doctrine/common",
            "version": "2.2.2"
        },
        {
            "package": "doctrine/data-fixtures",
            "version": "dev-master",
            "source-reference": "f201391349f3dc6bd9c9c698927ea7c78104c461"
        },
        {
            "package": "doctrine/dbal",
            "version": "2.2.x-dev",
            "source-reference": "f3effdb752519bfc7842a1005fd4cef55f7661e8"
        },
        {
            "package": "doctrine/doctrine-bundle",
            "version": "dev-master",
            "source-reference": "74632539010f1f8887e8afadf41a732efce971c1"
        },
        {
            "package": "doctrine/orm",
            "version": "2.2.x-dev",
            "source-reference": "36cac855dce4ec50f12ecc3628cd41f7801a4f1d"
        },
        {
            "package": "jms/aop-bundle",
            "version": "1.0.0"
        },
        {
            "package": "jms/cg",
            "version": "1.0.0"
        },
        {
            "package": "jms/di-extra-bundle",
            "version": "1.0.1"
        },
        {
            "package": "jms/metadata",
            "version": "1.1.1"
        },
        {
            "package": "jms/security-extra-bundle",
            "version": "1.1.0"
        },
        {
            "package": "knplabs/knp-oauth-bundle",
            "version": "dev-master",
            "source-reference": "307baaa564ed41a9fe666e358ec6d4dcf0294ccc"
        },
        {
            "package": "kriswallsmith/assetic",
            "version": "dev-master",
            "source-reference": "1a1b5f963db158a1065343fab617d25ce351a2dc"
        },
        {
            "package": "kriswallsmith/assetic",
            "version": "dev-master",
            "source-reference": "1a1b5f963db158a1065343fab617d25ce351a2dc",
            "alias-pretty-version": "1.1.x-dev",
            "alias-version": "1.1.9999999.9999999-dev"
        },
        {
            "package": "kriswallsmith/buzz",
            "version": "dev-master",
            "source-reference": "1bab480dfdb3e4687dcb60a76eaed5b1e59a20cb"
        },
        {
            "package": "monolog/monolog",
            "version": "1.1.0"
        },
        {
            "package": "sensio/buzz-bundle",
            "version": "dev-master",
            "source-reference": "c8c0ef65768fddfa28e41cb513b0b9b4dec04ee6"
        },
        {
            "package": "sensio/distribution-bundle",
            "version": "dev-master",
            "source-reference": "9a1b2ef970575c8b35f72ce857df2fa9aef7b470"
        },
        {
            "package": "sensio/framework-extra-bundle",
            "version": "dev-master",
            "source-reference": "e00b525b14784ea4f21c14945e58b4a76a530a6a"
        },
        {
            "package": "sensio/generator-bundle",
            "version": "dev-master",
            "source-reference": "0813379920dcaa4b06361501f654379383d75f16"
        },
        {
            "package": "swiftmailer/swiftmailer",
            "version": "dev-master",
            "source-reference": "9895567cec5a13d1a43db5053defbaad260c1b87"
        },
        {
            "package": "swiftmailer/swiftmailer",
            "version": "dev-master",
            "source-reference": "9895567cec5a13d1a43db5053defbaad260c1b87",
            "alias-pretty-version": "4.1.x-dev",
            "alias-version": "4.1.9999999.9999999-dev"
        },
        {
            "package": "symfony/assetic-bundle",
            "version": "dev-master",
            "source-reference": "61c9f363e73b4ecbb72f81eb62675260a1132048"
        },
        {
            "package": "symfony/monolog-bundle",
            "version": "dev-master",
            "source-reference": "51a25acc57f4c027b28f0305976b887e2da6250a"
        },
        {
            "package": "symfony/swiftmailer-bridge",
            "version": "dev-master",
            "source-reference": "408eb09f5799d393ddc3d916ec3667857fb3a20d"
        },
        {
            "package": "symfony/swiftmailer-bridge",
            "version": "dev-master",
            "source-reference": "408eb09f5799d393ddc3d916ec3667857fb3a20d",
            "alias-pretty-version": "2.1.x-dev",
            "alias-version": "2.1.9999999.9999999-dev"
        },
        {
            "package": "symfony/swiftmailer-bundle",
            "version": "dev-master",
            "source-reference": "71e1789868665cf94dc7831f645625fd0f70aac6"
        },
        {
            "package": "symfony/symfony",
            "version": "dev-master",
            "source-reference": "335d4eab86362a249e4c58d28320b7b843773492"
        },
        {
            "package": "symfony/symfony",
            "version": "dev-master",
            "source-reference": "335d4eab86362a249e4c58d28320b7b843773492",
            "alias-pretty-version": "2.1.x-dev",
            "alias-version": "2.1.9999999.9999999-dev"
        },
        {
            "package": "symfony/symfony",
            "version": "dev-master",
            "source-reference": "18132c18b41637a05a3a13990651a4054cf0ce59",
            "alias-pretty-version": "2.1.x-dev",
            "alias-version": "2.1.9999999.9999999-dev"
        },
        {
            "package": "twig/extensions",
            "version": "dev-master",
            "source-reference": "feb6d3f10c411e2631997c0a905aa581c80305c1"
        },
        {
            "package": "twig/twig",
            "version": "dev-master",
            "source-reference": "e28663efd83d76ee36bf9e8a790f75bd880abbf2",
            "alias-pretty-version": "1.8.x-dev",
            "alias-version": "1.8.9999999.9999999-dev"
        },
        {
            "package": "twig/twig",
            "version": "dev-master",
            "source-reference": "0fa26d642994630b2ec19c090149fa56ce84c789",
            "alias-pretty-version": "1.8.x-dev",
            "alias-version": "1.8.9999999.9999999-dev"
        },
        {
            "package": "twig/twig",
            "version": "dev-master",
            "source-reference": "0fa26d642994630b2ec19c090149fa56ce84c789"
        },
        {
            "package": "zend/gdata",
            "version": "dev-master",
            "source-reference": "827dc8696f1e5b70a4c507355877cdbab60fb3fa"
        }
    ],
    "packages-dev": null,
    "aliases": [

    ],
    "minimum-stability": "dev",
    "stability-flags": {
        "doctrine/doctrine-bundle": 20,
        "twig/extensions": 20,
        "symfony/assetic-bundle": 20,
        "symfony/swiftmailer-bundle": 20,
        "symfony/monolog-bundle": 20,
        "sensio/distribution-bundle": 20,
        "sensio/framework-extra-bundle": 20,
        "sensio/generator-bundle": 20
    }
}
